
Microsoft Visual Studio Solution File, Format Version 12.00
# Visual Studio Version 17
VisualStudioVersion = 17.4.33403.182
MinimumVisualStudioVersion = 10.0.40219.1
Project("{FAE04EC0-301F-11D3-BF4B-00C04F79EFBC}") = "Encounter 4 Theme Menu", "Encounter 4 Theme Menu\Encounter 4 Theme Menu.csproj", "{7ABA2741-E938-4BCC-B7A6-81C98FA83DC8}"
EndProject
Global
	GlobalSection(SolutionConfigurationPlatforms) = preSolution
		Debug|Any CPU = Debug|Any CPU
		Release|Any CPU = Release|Any CPU
	EndGlobalSection
	GlobalSection(ProjectConfigurationPlatforms) = postSolution
		{7ABA2741-E938-4BCC-B7A6-81C98FA83DC8}.Debug|Any CPU.ActiveCfg = Debug|Any CPU
		{7ABA2741-E938-4BCC-B7A6-81C98FA83DC8}.Debug|Any CPU.Build.0 = Debug|Any CPU
		{7ABA2741-E938-4BCC-B7A6-81C98FA83DC8}.Release|Any CPU.ActiveCfg = Release|Any CPU
		{7ABA2741-E938-4BCC-B7A6-81C98FA83DC8}.Release|Any CPU.Build.0 = Release|Any CPU
	EndGlobalSection
	GlobalSection(SolutionProperties) = preSolution
		HideSolutionNode = FALSE
	EndGlobalSection
	GlobalSection(ExtensibilityGlobals) = postSolution
		SolutionGuid = {35F099CF-1955-4D12-9A88-E0B946AAA8F1}
	EndGlobalSection
EndGlobal
